
Microsoft Visual Studio Solution File, Format Version 12.00
# Visual Studio Version 16
VisualStudioVersion = 16.0.30114.105
MinimumVisualStudioVersion = 10.0.40219.1
Project("{2150E333-8FDC-42A3-9474-1A3956D46DE8}") = "Common", "Common", "{468D44D4-18DF-4693-AF04-93CA09053889}"
EndProject
Project("{FAE04EC0-301F-11D3-BF4B-00C04F79EFBC}") = "Common.Domain", "Common\Common.Domain\Common.Domain.csproj", "{2AED9547-D362-4CFA-AB40-E6837DF9C162}"
EndProject
Project("{FAE04EC0-301F-11D3-BF4B-00C04F79EFBC}") = "Portfolio.Domain", "Domain\Portfolio.Domain.csproj", "{6459FE36-FCD4-42A2-B271-F96D3B81088F}"
EndProject
Global
	GlobalSection(SolutionConfigurationPlatforms) = preSolution
		Debug|Any CPU = Debug|Any CPU
		Release|Any CPU = Release|Any CPU
	EndGlobalSection
	GlobalSection(SolutionProperties) = preSolution
		HideSolutionNode = FALSE
	EndGlobalSection
	GlobalSection(ProjectConfigurationPlatforms) = postSolution
		{2AED9547-D362-4CFA-AB40-E6837DF9C162}.Debug|Any CPU.ActiveCfg = Debug|Any CPU
		{2AED9547-D362-4CFA-AB40-E6837DF9C162}.Debug|Any CPU.Build.0 = Debug|Any CPU
		{2AED9547-D362-4CFA-AB40-E6837DF9C162}.Release|Any CPU.ActiveCfg = Release|Any CPU
		{2AED9547-D362-4CFA-AB40-E6837DF9C162}.Release|Any CPU.Build.0 = Release|Any CPU
		{6459FE36-FCD4-42A2-B271-F96D3B81088F}.Debug|Any CPU.ActiveCfg = Debug|Any CPU
		{6459FE36-FCD4-42A2-B271-F96D3B81088F}.Debug|Any CPU.Build.0 = Debug|Any CPU
		{6459FE36-FCD4-42A2-B271-F96D3B81088F}.Release|Any CPU.ActiveCfg = Release|Any CPU
		{6459FE36-FCD4-42A2-B271-F96D3B81088F}.Release|Any CPU.Build.0 = Release|Any CPU
	EndGlobalSection
	GlobalSection(NestedProjects) = preSolution
		{2AED9547-D362-4CFA-AB40-E6837DF9C162} = {468D44D4-18DF-4693-AF04-93CA09053889}
	EndGlobalSection
EndGlobal
